
Microsoft Visual Studio Solution File, Format Version 12.00
# Visual Studio Version 16
VisualStudioVersion = 16.0.34114.132
MinimumVisualStudioVersion = 10.0.40219.1
Project("{FAE04EC0-301F-11D3-BF4B-00C04F79EFBC}") = "EShop", "EShop\EShop.csproj", "{F06AE46B-E1A8-4A70-AF1D-41EA6897F818}"
EndProject
Global
	GlobalSection(SolutionConfigurationPlatforms) = preSolution
		Debug|Any CPU = Debug|Any CPU
		Release|Any CPU = Release|Any CPU
	EndGlobalSection
	GlobalSection(ProjectConfigurationPlatforms) = postSolution
		{F06AE46B-E1A8-4A70-AF1D-41EA6897F818}.Debug|Any CPU.ActiveCfg = Debug|Any CPU
		{F06AE46B-E1A8-4A70-AF1D-41EA6897F818}.Debug|Any CPU.Build.0 = Debug|Any CPU
		{F06AE46B-E1A8-4A70-AF1D-41EA6897F818}.Release|Any CPU.ActiveCfg = Release|Any CPU
		{F06AE46B-E1A8-4A70-AF1D-41EA6897F818}.Release|Any CPU.Build.0 = Release|Any CPU
	EndGlobalSection
	GlobalSection(SolutionProperties) = preSolution
		HideSolutionNode = FALSE
	EndGlobalSection
	GlobalSection(ExtensibilityGlobals) = postSolution
		SolutionGuid = {5D3401B8-13CD-4019-A522-CD97F3E06BE7}
	EndGlobalSection
EndGlobal
